
Microsoft Visual Studio Solution File, Format Version 12.00
# Visual Studio 15
VisualStudioVersion = 15.0.27703.2026
MinimumVisualStudioVersion = 10.0.40219.1
Project("{FAE04EC0-301F-11D3-BF4B-00C04F79EFBC}") = "ERPMS", "ERPMS\ERPMS.csproj", "{B57D0429-1C8D-449D-A7EE-4364CDB46664}"
EndProject
Global
	GlobalSection(SolutionConfigurationPlatforms) = preSolution
		Debug|Any CPU = Debug|Any CPU
		Release|Any CPU = Release|Any CPU
	EndGlobalSection
	GlobalSection(ProjectConfigurationPlatforms) = postSolution
		{B57D0429-1C8D-449D-A7EE-4364CDB46664}.Debug|Any CPU.ActiveCfg = Debug|Any CPU
		{B57D0429-1C8D-449D-A7EE-4364CDB46664}.Debug|Any CPU.Build.0 = Debug|Any CPU
		{B57D0429-1C8D-449D-A7EE-4364CDB46664}.Release|Any CPU.ActiveCfg = Release|Any CPU
		{B57D0429-1C8D-449D-A7EE-4364CDB46664}.Release|Any CPU.Build.0 = Release|Any CPU
	EndGlobalSection
	GlobalSection(SolutionProperties) = preSolution
		HideSolutionNode = FALSE
	EndGlobalSection
	GlobalSection(ExtensibilityGlobals) = postSolution
		SolutionGuid = {4D03AD87-970C-4F66-95DA-9EA2E665F130}
	EndGlobalSection
EndGlobal
